{
  "name": "gulp-uglify-chylvina",
  "version": "3.1.1",
  "lockfileVersion": 1,
  "requires": true,
  "dependencies": {
    "commander": {
      "version": "2.14.1",
      "resolved": "http://registry.npm.taobao.org/commander/download/commander-2.14.1.tgz",
      "integrity": "sha1-IjUSPjevjKPGXfRbAm29NXsBuao="
    },
    "source-map": {
      "version": "0.6.1",
      "resolved": "http://registry.npm.taobao.org/source-map/download/source-map-0.6.1.tgz",
      "integrity": "sha1-dHIq8y6WFOnCh6jQu95IteLxomM="
    },
    "uglify-es": {
      "version": "github:mishoo/UglifyJS2#569757d14dbbe04f66af65d7bf0600b3a75efd96",
      "from": "github:mishoo/UglifyJS2#harmony",
      "requires": {
        "commander": "~2.14.1",
        "source-map": "~0.6.1"
      }
    }
  }
}
